
Microsoft Visual Studio Solution File, Format Version 12.00
# Visual Studio Version 16
VisualStudioVersion = 16.0.31205.134
MinimumVisualStudioVersion = 10.0.40219.1
Project("{9A19103F-16F7-4668-BE54-9A1E7A4F7556}") = "Taller Objetos Final", "Taller Objetos Final\Taller Objetos Final.csproj", "{BE538FB1-337D-4784-86B8-727B05E1EC4D}"
EndProject
Global
	GlobalSection(SolutionConfigurationPlatforms) = preSolution
		Debug|Any CPU = Debug|Any CPU
		Release|Any CPU = Release|Any CPU
	EndGlobalSection
	GlobalSection(ProjectConfigurationPlatforms) = postSolution
		{BE538FB1-337D-4784-86B8-727B05E1EC4D}.Debug|Any CPU.ActiveCfg = Debug|Any CPU
		{BE538FB1-337D-4784-86B8-727B05E1EC4D}.Debug|Any CPU.Build.0 = Debug|Any CPU
		{BE538FB1-337D-4784-86B8-727B05E1EC4D}.Release|Any CPU.ActiveCfg = Release|Any CPU
		{BE538FB1-337D-4784-86B8-727B05E1EC4D}.Release|Any CPU.Build.0 = Release|Any CPU
	EndGlobalSection
	GlobalSection(SolutionProperties) = preSolution
		HideSolutionNode = FALSE
	EndGlobalSection
	GlobalSection(ExtensibilityGlobals) = postSolution
		SolutionGuid = {7DF0C5DB-571A-4BCE-8B1A-534DB1CB19F7}
	EndGlobalSection
EndGlobal
